
Microsoft Visual Studio Solution File, Format Version 12.00
# Visual Studio 15
VisualStudioVersion = 15.0.27130.2036
MinimumVisualStudioVersion = 10.0.40219.1
Project("{F184B08F-C81C-45F6-A57F-5ABD9991F28F}") = "basicconexionsqlymostrardatos", "basicconexionsqlymostrardatos\basicconexionsqlymostrardatos.vbproj", "{5747722F-4F82-4977-8770-8AFF722F9B99}"
EndProject
Global
	GlobalSection(SolutionConfigurationPlatforms) = preSolution
		Debug|Any CPU = Debug|Any CPU
		Release|Any CPU = Release|Any CPU
	EndGlobalSection
	GlobalSection(ProjectConfigurationPlatforms) = postSolution
		{5747722F-4F82-4977-8770-8AFF722F9B99}.Debug|Any CPU.ActiveCfg = Debug|Any CPU
		{5747722F-4F82-4977-8770-8AFF722F9B99}.Debug|Any CPU.Build.0 = Debug|Any CPU
		{5747722F-4F82-4977-8770-8AFF722F9B99}.Release|Any CPU.ActiveCfg = Release|Any CPU
		{5747722F-4F82-4977-8770-8AFF722F9B99}.Release|Any CPU.Build.0 = Release|Any CPU
	EndGlobalSection
	GlobalSection(SolutionProperties) = preSolution
		HideSolutionNode = FALSE
	EndGlobalSection
	GlobalSection(ExtensibilityGlobals) = postSolution
		SolutionGuid = {EE13E4AA-03D7-4D22-B60C-A40EF9632CDA}
	EndGlobalSection
EndGlobal
