
Microsoft Visual Studio Solution File, Format Version 12.00
# Visual Studio 15
VisualStudioVersion = 15.0.27130.2036
MinimumVisualStudioVersion = 10.0.40219.1
Project("{F184B08F-C81C-45F6-A57F-5ABD9991F28F}") = "WindowsApp6", "WindowsApp6\WindowsApp6.vbproj", "{0AA6997F-4391-46BE-B07D-1CE207461A14}"
EndProject
Global
	GlobalSection(SolutionConfigurationPlatforms) = preSolution
		Debug|Any CPU = Debug|Any CPU
		Release|Any CPU = Release|Any CPU
	EndGlobalSection
	GlobalSection(ProjectConfigurationPlatforms) = postSolution
		{0AA6997F-4391-46BE-B07D-1CE207461A14}.Debug|Any CPU.ActiveCfg = Debug|Any CPU
		{0AA6997F-4391-46BE-B07D-1CE207461A14}.Debug|Any CPU.Build.0 = Debug|Any CPU
		{0AA6997F-4391-46BE-B07D-1CE207461A14}.Release|Any CPU.ActiveCfg = Release|Any CPU
		{0AA6997F-4391-46BE-B07D-1CE207461A14}.Release|Any CPU.Build.0 = Release|Any CPU
	EndGlobalSection
	GlobalSection(SolutionProperties) = preSolution
		HideSolutionNode = FALSE
	EndGlobalSection
	GlobalSection(ExtensibilityGlobals) = postSolution
		SolutionGuid = {B48FA215-FC4E-43DA-B439-8BF8217F3F5D}
	EndGlobalSection
EndGlobal
