
Microsoft Visual Studio Solution File, Format Version 12.00
# Visual Studio 15
VisualStudioVersion = 15.0.27130.2036
MinimumVisualStudioVersion = 10.0.40219.1
Project("{F184B08F-C81C-45F6-A57F-5ABD9991F28F}") = "Ortega1", "WindowsApp5\Ortega1.vbproj", "{C9FF6EDB-CA5B-4109-915E-7328D53FE7B7}"
EndProject
Global
	GlobalSection(SolutionConfigurationPlatforms) = preSolution
		Debug|Any CPU = Debug|Any CPU
		Release|Any CPU = Release|Any CPU
	EndGlobalSection
	GlobalSection(ProjectConfigurationPlatforms) = postSolution
		{C9FF6EDB-CA5B-4109-915E-7328D53FE7B7}.Debug|Any CPU.ActiveCfg = Debug|Any CPU
		{C9FF6EDB-CA5B-4109-915E-7328D53FE7B7}.Debug|Any CPU.Build.0 = Debug|Any CPU
		{C9FF6EDB-CA5B-4109-915E-7328D53FE7B7}.Release|Any CPU.ActiveCfg = Release|Any CPU
		{C9FF6EDB-CA5B-4109-915E-7328D53FE7B7}.Release|Any CPU.Build.0 = Release|Any CPU
	EndGlobalSection
	GlobalSection(SolutionProperties) = preSolution
		HideSolutionNode = FALSE
	EndGlobalSection
	GlobalSection(ExtensibilityGlobals) = postSolution
		SolutionGuid = {81F121CD-4023-4910-8135-0623AAF2EF3A}
	EndGlobalSection
EndGlobal
